
Microsoft Visual Studio Solution File, Format Version 12.00
# Visual Studio Version 17
VisualStudioVersion = 17.11.35303.130
MinimumVisualStudioVersion = 10.0.40219.1
Project("{FAE04EC0-301F-11D3-BF4B-00C04F79EFBC}") = "projeto_cinema", "projeto_cinema.csproj", "{4DBC3F80-B2D6-4FEC-924B-E45A367F9022}"
EndProject
Global
	GlobalSection(SolutionConfigurationPlatforms) = preSolution
		Debug|Any CPU = Debug|Any CPU
		Release|Any CPU = Release|Any CPU
	EndGlobalSection
	GlobalSection(ProjectConfigurationPlatforms) = postSolution
		{4DBC3F80-B2D6-4FEC-924B-E45A367F9022}.Debug|Any CPU.ActiveCfg = Debug|Any CPU
		{4DBC3F80-B2D6-4FEC-924B-E45A367F9022}.Debug|Any CPU.Build.0 = Debug|Any CPU
		{4DBC3F80-B2D6-4FEC-924B-E45A367F9022}.Release|Any CPU.ActiveCfg = Release|Any CPU
		{4DBC3F80-B2D6-4FEC-924B-E45A367F9022}.Release|Any CPU.Build.0 = Release|Any CPU
	EndGlobalSection
	GlobalSection(SolutionProperties) = preSolution
		HideSolutionNode = FALSE
	EndGlobalSection
	GlobalSection(ExtensibilityGlobals) = postSolution
		SolutionGuid = {6EC9638C-A6A4-4D1F-B694-196D2A1135F3}
	EndGlobalSection
EndGlobal
